#MicroXplorer Configuration settings - do not modify
ADC1.Channel-0\#ChannelRegularConversion=ADC_CHANNEL_1
ADC1.Channel-1\#ChannelRegularConversion=ADC_CHANNEL_2
ADC1.Channel-2\#ChannelRegularConversion=ADC_CHANNEL_3
ADC1.ClockPrescaler=ADC_CLOCK_SYNC_PCLK_DIV4
ADC1.CommonPathInternal=null|null|null|null
ADC1.DMAContinuousRequests=ENABLE
ADC1.EOCSelection=ADC_EOC_SEQ_CONV
ADC1.ExternalTrigConv=ADC_EXTERNALTRIG_T3_TRGO
ADC1.IPParameters=Rank-0\#ChannelRegularConversion,Channel-0\#ChannelRegularConversion,SamplingTime-0\#ChannelRegularConversion,OffsetNumber-0\#ChannelRegularConversion,NbrOfConversionFlag,ClockPrescaler,EOCSelection,NbrOfConversion,Rank-1\#ChannelRegularConversion,Channel-1\#ChannelRegularConversion,SamplingTime-1\#ChannelRegularConversion,OffsetNumber-1\#ChannelRegularConversion,Rank-2\#ChannelRegularConversion,Channel-2\#ChannelRegularConversion,SamplingTime-2\#ChannelRegularConversion,OffsetNumber-2\#ChannelRegularConversion,DMAContinuousRequests,Overrun,ExternalTrigConv,OversamplingMode,master,CommonPathInternal
ADC1.NbrOfConversion=3
ADC1.NbrOfConversionFlag=1
ADC1.OffsetNumber-0\#ChannelRegularConversion=ADC_OFFSET_NONE
ADC1.OffsetNumber-1\#ChannelRegularConversion=ADC_OFFSET_NONE
ADC1.OffsetNumber-2\#ChannelRegularConversion=ADC_OFFSET_NONE
ADC1.Overrun=ADC_OVR_DATA_OVERWRITTEN
ADC1.OversamplingMode=DISABLE
ADC1.Rank-0\#ChannelRegularConversion=1
ADC1.Rank-1\#ChannelRegularConversion=2
ADC1.Rank-2\#ChannelRegularConversion=3
ADC1.SamplingTime-0\#ChannelRegularConversion=ADC_SAMPLETIME_12CYCLES_5
ADC1.SamplingTime-1\#ChannelRegularConversion=ADC_SAMPLETIME_12CYCLES_5
ADC1.SamplingTime-2\#ChannelRegularConversion=ADC_SAMPLETIME_12CYCLES_5
ADC1.master=1
ADC2.Channel-2\#ChannelRegularConversion=ADC_CHANNEL_3
ADC2.Channel-3\#ChannelRegularConversion=ADC_CHANNEL_4
ADC2.Channel-4\#ChannelRegularConversion=ADC_CHANNEL_5
ADC2.CommonPathInternal=null|null|null|null
ADC2.DMAContinuousRequests=ENABLE
ADC2.DiscontinuousConvMode=DISABLE
ADC2.EOCSelection=ADC_EOC_SEQ_CONV
ADC2.IPParameters=Rank-2\#ChannelRegularConversion,Channel-2\#ChannelRegularConversion,SamplingTime-2\#ChannelRegularConversion,OffsetNumber-2\#ChannelRegularConversion,NbrOfConversionFlag,EOCSelection,Overrun,Rank-3\#ChannelRegularConversion,Channel-3\#ChannelRegularConversion,SamplingTime-3\#ChannelRegularConversion,OffsetNumber-3\#ChannelRegularConversion,Rank-4\#ChannelRegularConversion,Channel-4\#ChannelRegularConversion,SamplingTime-4\#ChannelRegularConversion,OffsetNumber-4\#ChannelRegularConversion,NbrOfConversion,DiscontinuousConvMode,DMAContinuousRequests,CommonPathInternal
ADC2.NbrOfConversion=3
ADC2.NbrOfConversionFlag=1
ADC2.OffsetNumber-2\#ChannelRegularConversion=ADC_OFFSET_NONE
ADC2.OffsetNumber-3\#ChannelRegularConversion=ADC_OFFSET_NONE
ADC2.OffsetNumber-4\#ChannelRegularConversion=ADC_OFFSET_NONE
ADC2.Overrun=ADC_OVR_DATA_OVERWRITTEN
ADC2.Rank-2\#ChannelRegularConversion=1
ADC2.Rank-3\#ChannelRegularConversion=2
ADC2.Rank-4\#ChannelRegularConversion=3
ADC2.SamplingTime-2\#ChannelRegularConversion=ADC_SAMPLETIME_12CYCLES_5
ADC2.SamplingTime-3\#ChannelRegularConversion=ADC_SAMPLETIME_12CYCLES_5
ADC2.SamplingTime-4\#ChannelRegularConversion=ADC_SAMPLETIME_12CYCLES_5
CAD.formats=
CAD.pinconfig=
CAD.provider=
COMP1.IPParameters=TriggerMode
COMP1.TriggerMode=COMP_TRIGGERMODE_NONE
COMP2.IPParameters=OutputPol,TriggerMode
COMP2.OutputPol=COMP_OUTPUTPOL_NONINVERTED
COMP2.TriggerMode=COMP_TRIGGERMODE_NONE
COMP3.IPParameters=TriggerMode
COMP3.TriggerMode=COMP_TRIGGERMODE_NONE
COMP4.IPParameters=TriggerMode,OutputPol
COMP4.OutputPol=COMP_OUTPUTPOL_NONINVERTED
COMP4.TriggerMode=COMP_TRIGGERMODE_NONE
DAC1.DAC_Channel-DAC_OUT2=DAC_CHANNEL_2
DAC1.IPParameters=DAC_Channel-DAC_OUT2
DAC3.DAC_Channel-DAC_OUT2_Int=DAC_CHANNEL_2
DAC3.IPParameters=DAC_Channel-DAC_OUT2_Int
Dma.ADC1.0.Direction=DMA_PERIPH_TO_MEMORY
Dma.ADC1.0.EventEnable=DISABLE
Dma.ADC1.0.Instance=DMA1_Channel1
Dma.ADC1.0.MemDataAlignment=DMA_MDATAALIGN_WORD
Dma.ADC1.0.MemInc=DMA_MINC_ENABLE
Dma.ADC1.0.Mode=DMA_CIRCULAR
Dma.ADC1.0.PeriphDataAlignment=DMA_PDATAALIGN_WORD
Dma.ADC1.0.PeriphInc=DMA_PINC_DISABLE
Dma.ADC1.0.Polarity=HAL_DMAMUX_REQ_GEN_RISING
Dma.ADC1.0.Priority=DMA_PRIORITY_HIGH
Dma.ADC1.0.RequestNumber=1
Dma.ADC1.0.RequestParameters=Instance,Direction,PeriphInc,MemInc,PeriphDataAlignment,MemDataAlignment,Mode,Priority,SignalID,Polarity,RequestNumber,SyncSignalID,SyncPolarity,SyncEnable,EventEnable,SyncRequestNumber
Dma.ADC1.0.SignalID=NONE
Dma.ADC1.0.SyncEnable=DISABLE
Dma.ADC1.0.SyncPolarity=HAL_DMAMUX_SYNC_NO_EVENT
Dma.ADC1.0.SyncRequestNumber=1
Dma.ADC1.0.SyncSignalID=NONE
Dma.ADC2.1.Direction=DMA_PERIPH_TO_MEMORY
Dma.ADC2.1.EventEnable=DISABLE
Dma.ADC2.1.Instance=DMA1_Channel2
Dma.ADC2.1.MemDataAlignment=DMA_MDATAALIGN_WORD
Dma.ADC2.1.MemInc=DMA_MINC_ENABLE
Dma.ADC2.1.Mode=DMA_CIRCULAR
Dma.ADC2.1.PeriphDataAlignment=DMA_PDATAALIGN_WORD
Dma.ADC2.1.PeriphInc=DMA_PINC_DISABLE
Dma.ADC2.1.Polarity=HAL_DMAMUX_REQ_GEN_RISING
Dma.ADC2.1.Priority=DMA_PRIORITY_LOW
Dma.ADC2.1.RequestNumber=1
Dma.ADC2.1.RequestParameters=Instance,Direction,PeriphInc,MemInc,PeriphDataAlignment,MemDataAlignment,Mode,Priority,SignalID,Polarity,RequestNumber,SyncSignalID,SyncPolarity,SyncEnable,EventEnable,SyncRequestNumber
Dma.ADC2.1.SignalID=NONE
Dma.ADC2.1.SyncEnable=DISABLE
Dma.ADC2.1.SyncPolarity=HAL_DMAMUX_SYNC_NO_EVENT
Dma.ADC2.1.SyncRequestNumber=1
Dma.ADC2.1.SyncSignalID=NONE
Dma.Request0=ADC1
Dma.Request1=ADC2
Dma.RequestsNb=2
FREERTOS.FootprintOK=true
FREERTOS.IPParameters=Tasks01,configUSE_NEWLIB_REENTRANT,configENABLE_FPU,FootprintOK,configTOTAL_HEAP_SIZE
FREERTOS.Tasks01=defaultTask,24,128,DefaultTask,Default,NULL,Dynamic,NULL,NULL;ledTask,8,128,LedTask,Default,NULL,Dynamic,NULL,NULL;controlTask,40,128,ControlTask,Default,NULL,Dynamic,NULL,NULL;commTask,24,512,CommTask,Default,NULL,Dynamic,NULL,NULL
FREERTOS.configENABLE_FPU=1
FREERTOS.configTOTAL_HEAP_SIZE=4500
FREERTOS.configUSE_NEWLIB_REENTRANT=1
File.Version=6
GPIO.groupedBy=Group By Peripherals
KeepUserPlacement=false
Mcu.CPN=STM32G431RBT3
Mcu.Family=STM32G4
Mcu.IP0=ADC1
Mcu.IP1=ADC2
Mcu.IP10=DMA
Mcu.IP11=FREERTOS
Mcu.IP12=NVIC
Mcu.IP13=RCC
Mcu.IP14=SPI3
Mcu.IP15=SYS
Mcu.IP16=TIM1
Mcu.IP17=TIM2
Mcu.IP18=TIM3
Mcu.IP19=TIM8
Mcu.IP2=COMP1
Mcu.IP20=USART1
Mcu.IP21=USB
Mcu.IP22=USB_DEVICE
Mcu.IP3=COMP2
Mcu.IP4=COMP3
Mcu.IP5=COMP4
Mcu.IP6=CORDIC
Mcu.IP7=CRC
Mcu.IP8=DAC1
Mcu.IP9=DAC3
Mcu.IPNb=23
Mcu.Name=STM32G431R(6-8-B)Tx
Mcu.Package=LQFP64
Mcu.Pin0=PC13
Mcu.Pin1=PC14-OSC32_IN
Mcu.Pin10=PA3
Mcu.Pin11=PA4
Mcu.Pin12=PA5
Mcu.Pin13=PA6
Mcu.Pin14=PA7
Mcu.Pin15=PC4
Mcu.Pin16=PB0
Mcu.Pin17=PB1
Mcu.Pin18=PB2
Mcu.Pin19=PB13
Mcu.Pin2=PC15-OSC32_OUT
Mcu.Pin20=PB14
Mcu.Pin21=PB15
Mcu.Pin22=PC6
Mcu.Pin23=PC7
Mcu.Pin24=PA8
Mcu.Pin25=PA9
Mcu.Pin26=PA10
Mcu.Pin27=PA11
Mcu.Pin28=PA12
Mcu.Pin29=PA13
Mcu.Pin3=PF0-OSC_IN
Mcu.Pin30=PA14
Mcu.Pin31=PC10
Mcu.Pin32=PC11
Mcu.Pin33=PC12
Mcu.Pin34=PD2
Mcu.Pin35=PB4
Mcu.Pin36=PB5
Mcu.Pin37=PB6
Mcu.Pin38=VP_COMP1_VS_DAC3OUT1
Mcu.Pin39=VP_COMP2_VS_DAC3OUT2
Mcu.Pin4=PC0
Mcu.Pin40=VP_COMP3_VS_DAC3OUT1
Mcu.Pin41=VP_COMP4_VS_DAC3OUT2
Mcu.Pin42=VP_CORDIC_VS_CORDIC
Mcu.Pin43=VP_CRC_VS_CRC
Mcu.Pin44=VP_DAC3_VS_DACI1
Mcu.Pin45=VP_DAC3_VS_DACI2
Mcu.Pin46=VP_FREERTOS_VS_CMSIS_V2
Mcu.Pin47=VP_SYS_VS_tim17
Mcu.Pin48=VP_SYS_VS_DBSignals
Mcu.Pin49=VP_TIM1_VS_ClockSourceINT
Mcu.Pin5=PC1
Mcu.Pin50=VP_TIM2_VS_ClockSourceINT
Mcu.Pin51=VP_TIM3_VS_ClockSourceINT
Mcu.Pin52=VP_USB_DEVICE_VS_USB_DEVICE_CUSTOM_HID_FS
Mcu.Pin53=VP_STMicroelectronics.X-CUBE-BLE2_VS_WirelessJjBlueNRGAa2_3.3.0
Mcu.Pin6=PC2
Mcu.Pin7=PA0
Mcu.Pin8=PA1
Mcu.Pin9=PA2
Mcu.PinsNb=54
Mcu.ThirdParty0=STMicroelectronics.X-CUBE-BLE2.3.3.0
Mcu.ThirdPartyNb=1
Mcu.UserConstants=
Mcu.UserName=STM32G431RBTx
MxCube.Version=6.7.0
MxDb.Version=DB.6.0.70
NVIC.BusFault_IRQn=true\:0\:0\:false\:false\:true\:false\:false\:false\:false
NVIC.DMA1_Channel1_IRQn=true\:5\:0\:false\:false\:true\:true\:false\:true\:true
NVIC.DMA1_Channel2_IRQn=true\:5\:0\:false\:false\:true\:true\:false\:true\:true
NVIC.DebugMonitor_IRQn=true\:0\:0\:false\:false\:true\:false\:false\:false\:false
NVIC.EXTI15_10_IRQn=true\:5\:0\:false\:false\:true\:true\:true\:true\:true
NVIC.EXTI4_IRQn=true\:5\:0\:true\:false\:true\:true\:true\:true\:true
NVIC.ForceEnableDMAVector=true
NVIC.HardFault_IRQn=true\:0\:0\:false\:false\:true\:false\:false\:false\:false
NVIC.MemoryManagement_IRQn=true\:0\:0\:false\:false\:true\:false\:false\:false\:false
NVIC.NonMaskableInt_IRQn=true\:0\:0\:false\:false\:true\:false\:false\:false\:false
NVIC.PendSV_IRQn=true\:15\:0\:false\:false\:false\:true\:false\:false\:false
NVIC.PriorityGroup=NVIC_PRIORITYGROUP_4
NVIC.SVCall_IRQn=true\:0\:0\:false\:false\:false\:false\:false\:false\:false
NVIC.SavedPendsvIrqHandlerGenerated=true
NVIC.SavedSvcallIrqHandlerGenerated=true
NVIC.SavedSystickIrqHandlerGenerated=true
NVIC.SysTick_IRQn=true\:15\:0\:false\:false\:false\:true\:false\:true\:false
NVIC.TIM1_TRG_COM_TIM17_IRQn=true\:15\:0\:true\:false\:true\:false\:false\:true\:true
NVIC.TimeBase=TIM1_TRG_COM_TIM17_IRQn
NVIC.TimeBaseIP=TIM17
NVIC.USB_LP_IRQn=true\:5\:0\:false\:false\:true\:true\:false\:true\:true
NVIC.UsageFault_IRQn=true\:0\:0\:false\:false\:true\:false\:false\:false\:false
PA0.GPIOParameters=GPIO_Label
PA0.GPIO_Label=PHASE_A_CURRENT
PA0.Locked=true
PA0.Signal=SharedAnalog_PA0
PA1.GPIOParameters=GPIO_Label
PA1.GPIO_Label=PHASE_B_CURRENT
PA1.Locked=true
PA1.Signal=SharedAnalog_PA1
PA10.GPIOParameters=GPIO_Label
PA10.GPIO_Label=SCI_RX
PA10.Locked=true
PA10.Mode=Asynchronous
PA10.Signal=USART1_RX
PA11.Locked=true
PA11.Mode=Device
PA11.Signal=USB_DM
PA12.Locked=true
PA12.Mode=Device
PA12.Signal=USB_DP
PA13.Locked=true
PA13.Mode=Serial_Wire
PA13.Signal=SYS_JTMS-SWDIO
PA14.Locked=true
PA14.Mode=Serial_Wire
PA14.Signal=SYS_JTCK-SWCLK
PA2.GPIOParameters=GPIO_Label
PA2.GPIO_Label=MOTOR_VOLTAGE
PA2.Mode=IN3-Single-Ended
PA2.Signal=ADC1_IN3
PA3.Locked=true
PA3.Mode=INP
PA3.Signal=COMP2_INP
PA4.Signal=COMP_DAC11_group
PA5.Signal=COMP_DAC12_group
PA6.GPIOParameters=GPIO_Label
PA6.GPIO_Label=ANALOG_IN_1
PA6.Mode=IN3-Single-Ended
PA6.Signal=ADC2_IN3
PA7.GPIOParameters=GPIO_Label
PA7.GPIO_Label=ANALOG_IN_2
PA7.Mode=IN4-Single-Ended
PA7.Signal=ADC2_IN4
PA8.GPIOParameters=GPIO_Label
PA8.GPIO_Label=SCI_DIR
PA8.Locked=true
PA8.Signal=GPIO_Output
PA9.GPIOParameters=GPIO_Label
PA9.GPIO_Label=SCI_TX
PA9.Locked=true
PA9.Mode=Asynchronous
PA9.Signal=USART1_TX
PB0.Mode=INP
PB0.Signal=COMP4_INP
PB1.GPIOParameters=GPIO_Label
PB1.GPIO_Label=LED_GREEN
PB1.Locked=true
PB1.Signal=GPIO_Output
PB13.GPIOParameters=GPIO_Label
PB13.GPIO_Label=PHASE_A_LOWER
PB13.Locked=true
PB13.Mode=PWM Generation1 CH1 CH1N
PB13.Signal=TIM1_CH1N
PB14.GPIOParameters=GPIO_Label
PB14.GPIO_Label=PHASE_B_LOWER
PB14.Locked=true
PB14.Mode=PWM Generation2 CH2 CH2N
PB14.Signal=TIM1_CH2N
PB15.GPIOParameters=GPIO_Label
PB15.GPIO_Label=PHASE_C_LOWER
PB15.Locked=true
PB15.Mode=PWM Generation3 CH3 CH3N
PB15.Signal=TIM1_CH3N
PB2.GPIOParameters=GPIO_Label
PB2.GPIO_Label=LED_RED
PB2.Locked=true
PB2.Signal=GPIO_Output
PB4.GPIOParameters=GPIO_Label
PB4.GPIO_Label=BLE_SPI_IRQ
PB4.Locked=true
PB4.Signal=GPXTI4
PB5.GPIOParameters=GPIO_Label
PB5.GPIO_Label=BLE_SPI_RESET
PB5.Locked=true
PB5.Signal=GPIO_Output
PB6.GPIOParameters=GPIO_Label
PB6.GPIO_Label=ENCODER_Z
PB6.Signal=S_TIM8_ETR
PC0.GPIOParameters=GPIO_Label
PC0.GPIO_Label=PHASE_A_UPPER
PC0.Locked=true
PC0.Signal=S_TIM1_CH1
PC1.GPIOParameters=GPIO_Label
PC1.GPIO_Label=PHASE_B_UPPER
PC1.Locked=true
PC1.Signal=S_TIM1_CH2
PC10.GPIOParameters=GPIO_Label
PC10.GPIO_Label=BLE_SPI_SCK
PC10.Locked=true
PC10.Mode=Full_Duplex_Master
PC10.Signal=SPI3_SCK
PC11.GPIOParameters=GPIO_Label
PC11.GPIO_Label=BLE_SPI_MISO
PC11.Locked=true
PC11.Mode=Full_Duplex_Master
PC11.Signal=SPI3_MISO
PC12.GPIOParameters=GPIO_Label
PC12.GPIO_Label=BLE_SPI_MOSI
PC12.Locked=true
PC12.Mode=Full_Duplex_Master
PC12.Signal=SPI3_MOSI
PC13.GPIOParameters=GPIO_PuPd,GPIO_Label,GPIO_ModeDefaultEXTI
PC13.GPIO_Label=HALL_A
PC13.GPIO_ModeDefaultEXTI=GPIO_MODE_IT_RISING_FALLING
PC13.GPIO_PuPd=GPIO_PULLDOWN
PC13.Locked=true
PC13.Signal=GPXTI13
PC14-OSC32_IN.GPIOParameters=GPIO_PuPd,GPIO_Label,GPIO_ModeDefaultEXTI
PC14-OSC32_IN.GPIO_Label=HALL_B
PC14-OSC32_IN.GPIO_ModeDefaultEXTI=GPIO_MODE_IT_RISING_FALLING
PC14-OSC32_IN.GPIO_PuPd=GPIO_PULLDOWN
PC14-OSC32_IN.Locked=true
PC14-OSC32_IN.Signal=GPXTI14
PC15-OSC32_OUT.GPIOParameters=GPIO_PuPd,GPIO_Label,GPIO_ModeDefaultEXTI
PC15-OSC32_OUT.GPIO_Label=HALL_C
PC15-OSC32_OUT.GPIO_ModeDefaultEXTI=GPIO_MODE_IT_RISING_FALLING
PC15-OSC32_OUT.GPIO_PuPd=GPIO_PULLDOWN
PC15-OSC32_OUT.Locked=true
PC15-OSC32_OUT.Signal=GPXTI15
PC2.GPIOParameters=GPIO_Label
PC2.GPIO_Label=PHASE_C_UPPER
PC2.Locked=true
PC2.Signal=S_TIM1_CH3
PC4.GPIOParameters=GPIO_Label
PC4.GPIO_Label=MOTOR_TEMP
PC4.Locked=true
PC4.Mode=IN5-Single-Ended
PC4.Signal=ADC2_IN5
PC6.GPIOParameters=GPIO_Label
PC6.GPIO_Label=ENCODER_A
PC6.Signal=S_TIM8_CH1
PC7.GPIOParameters=GPIO_Label
PC7.GPIO_Label=ENCODER_B
PC7.Signal=S_TIM8_CH2
PD2.GPIOParameters=GPIO_Label
PD2.GPIO_Label=BLE_SPI_CS
PD2.Locked=true
PD2.Signal=GPIO_Output
PF0-OSC_IN.Locked=true
PF0-OSC_IN.Mode=HSE-External-Clock-Source
PF0-OSC_IN.Signal=RCC_OSC_IN
PinOutPanel.RotationAngle=0
ProjectManager.AskForMigrate=true
ProjectManager.BackupPrevious=false
ProjectManager.CompilerOptimize=6
ProjectManager.ComputerToolchain=false
ProjectManager.CoupleFile=true
ProjectManager.CustomerFirmwarePackage=
ProjectManager.DefaultFWLocation=true
ProjectManager.DeletePrevious=true
ProjectManager.DeviceId=STM32G431RBTx
ProjectManager.FirmwarePackage=STM32Cube FW_G4 V1.5.1
ProjectManager.FreePins=false
ProjectManager.HalAssertFull=false
ProjectManager.HeapSize=0x200
ProjectManager.KeepUserCode=true
ProjectManager.LastFirmware=true
ProjectManager.LibraryCopy=1
ProjectManager.MainLocation=Core/Src
ProjectManager.NoMain=false
ProjectManager.PreviousToolchain=
ProjectManager.ProjectBuild=false
ProjectManager.ProjectFileName=AdvancedMotorControl.ioc
ProjectManager.ProjectName=AdvancedMotorControl
ProjectManager.RegisterCallBack=
ProjectManager.StackSize=0x400
ProjectManager.TargetToolchain=STM32CubeIDE
ProjectManager.ToolChainLocation=
ProjectManager.UnderRoot=true
ProjectManager.functionlistsort=1-MX_GPIO_Init-GPIO-false-HAL-true,2-SystemClock_Config-RCC-false-HAL-false,3-MX_DMA_Init-DMA-false-HAL-true,4-MX_ADC1_Init-ADC1-false-HAL-true,5-MX_ADC2_Init-ADC2-false-HAL-true,6-MX_TIM8_Init-TIM8-false-HAL-true,7-MX_USART1_UART_Init-USART1-false-HAL-true,8-MX_COMP1_Init-COMP1-false-HAL-true,9-MX_COMP2_Init-COMP2-false-HAL-true,10-MX_COMP3_Init-COMP3-false-HAL-true,11-MX_COMP4_Init-COMP4-false-HAL-true,12-MX_DAC3_Init-DAC3-false-HAL-true,13-MX_DAC1_Init-DAC1-false-HAL-true,14-MX_TIM1_Init-TIM1-false-HAL-true,15-MX_CORDIC_Init-CORDIC-false-HAL-true,16-MX_TIM3_Init-TIM3-false-HAL-true,17-MX_CRC_Init-CRC-false-HAL-true,18-MX_USB_Device_Init-USB_DEVICE-false-HAL-false,19-MX_TIM2_Init-TIM2-false-HAL-true
RCC.ADC12Freq_Value=144000000
RCC.AHBFreq_Value=144000000
RCC.APB1Freq_Value=144000000
RCC.APB1TimFreq_Value=144000000
RCC.APB2Freq_Value=144000000
RCC.APB2TimFreq_Value=144000000
RCC.CRSFreq_Value=48000000
RCC.CortexFreq_Value=144000000
RCC.EXTERNAL_CLOCK_VALUE=12288000
RCC.FCLKCortexFreq_Value=144000000
RCC.FDCANFreq_Value=144000000
RCC.FamilyName=M
RCC.HCLKFreq_Value=144000000
RCC.HSE_VALUE=8000000
RCC.HSI48_VALUE=48000000
RCC.HSI_VALUE=16000000
RCC.I2C1Freq_Value=144000000
RCC.I2C2Freq_Value=144000000
RCC.I2C3Freq_Value=144000000
RCC.I2SFreq_Value=144000000
RCC.IPParameters=ADC12Freq_Value,AHBFreq_Value,APB1Freq_Value,APB1TimFreq_Value,APB2Freq_Value,APB2TimFreq_Value,CRSFreq_Value,CortexFreq_Value,EXTERNAL_CLOCK_VALUE,FCLKCortexFreq_Value,FDCANFreq_Value,FamilyName,HCLKFreq_Value,HSE_VALUE,HSI48_VALUE,HSI_VALUE,I2C1Freq_Value,I2C2Freq_Value,I2C3Freq_Value,I2SFreq_Value,LPTIM1Freq_Value,LPUART1Freq_Value,LSCOPinFreq_Value,LSE_VALUE,LSI_VALUE,MCO1PinFreq_Value,PLLN,PLLPoutputFreq_Value,PLLQ,PLLQoutputFreq_Value,PLLRCLKFreq_Value,PLLSourceVirtual,PWRFreq_Value,RNGFreq_Value,SAI1Freq_Value,SYSCLKFreq_VALUE,SYSCLKSource,UART4Freq_Value,USART1Freq_Value,USART2Freq_Value,USART3Freq_Value,USBFreq_Value,VCOInputFreq_Value,VCOOutputFreq_Value
RCC.LPTIM1Freq_Value=144000000
RCC.LPUART1Freq_Value=144000000
RCC.LSCOPinFreq_Value=32000
RCC.LSE_VALUE=32768
RCC.LSI_VALUE=32000
RCC.MCO1PinFreq_Value=16000000
RCC.PLLN=36
RCC.PLLPoutputFreq_Value=144000000
RCC.PLLQ=RCC_PLLQ_DIV6
RCC.PLLQoutputFreq_Value=48000000
RCC.PLLRCLKFreq_Value=144000000
RCC.PLLSourceVirtual=RCC_PLLSOURCE_HSE
RCC.PWRFreq_Value=144000000
RCC.RNGFreq_Value=48000000
RCC.SAI1Freq_Value=144000000
RCC.SYSCLKFreq_VALUE=144000000
RCC.SYSCLKSource=RCC_SYSCLKSOURCE_PLLCLK
RCC.UART4Freq_Value=144000000
RCC.USART1Freq_Value=144000000
RCC.USART2Freq_Value=144000000
RCC.USART3Freq_Value=144000000
RCC.USBFreq_Value=48000000
RCC.VCOInputFreq_Value=8000000
RCC.VCOOutputFreq_Value=288000000
SH.COMP_DAC11_group.0=DAC1_OUT1,DAC_OUT1
SH.COMP_DAC11_group.ConfNb=1
SH.COMP_DAC12_group.0=DAC1_OUT2,DAC_OUT2
SH.COMP_DAC12_group.ConfNb=1
SH.GPXTI13.0=GPIO_EXTI13
SH.GPXTI13.ConfNb=1
SH.GPXTI14.0=GPIO_EXTI14
SH.GPXTI14.ConfNb=1
SH.GPXTI15.0=GPIO_EXTI15
SH.GPXTI15.ConfNb=1
SH.GPXTI4.0=GPIO_EXTI4
SH.GPXTI4.ConfNb=1
SH.S_TIM1_CH1.0=TIM1_CH1,PWM Generation1 CH1 CH1N
SH.S_TIM1_CH1.ConfNb=1
SH.S_TIM1_CH2.0=TIM1_CH2,PWM Generation2 CH2 CH2N
SH.S_TIM1_CH2.ConfNb=1
SH.S_TIM1_CH3.0=TIM1_CH3,PWM Generation3 CH3 CH3N
SH.S_TIM1_CH3.ConfNb=1
SH.S_TIM8_CH1.0=TIM8_CH1,Encoder_Interface_w_index
SH.S_TIM8_CH1.ConfNb=1
SH.S_TIM8_CH2.0=TIM8_CH2,Encoder_Interface_w_index
SH.S_TIM8_CH2.ConfNb=1
SH.S_TIM8_ETR.0=TIM8_ETR,Encoder_Interface_w_index
SH.S_TIM8_ETR.ConfNb=1
SH.SharedAnalog_PA0.0=ADC1_IN1,IN1-Single-Ended
SH.SharedAnalog_PA0.1=COMP3_INP,INP
SH.SharedAnalog_PA0.ConfNb=2
SH.SharedAnalog_PA1.0=ADC1_IN2,IN2-Single-Ended
SH.SharedAnalog_PA1.1=COMP1_INP,INP
SH.SharedAnalog_PA1.ConfNb=2
SPI3.BaudRatePrescaler=SPI_BAUDRATEPRESCALER_128
SPI3.CLKPhase=SPI_PHASE_2EDGE
SPI3.CalculateBaudRate=1.125 MBits/s
SPI3.DataSize=SPI_DATASIZE_8BIT
SPI3.Direction=SPI_DIRECTION_2LINES
SPI3.IPParameters=VirtualType,Mode,Direction,CalculateBaudRate,BaudRatePrescaler,DataSize,CLKPhase
SPI3.Mode=SPI_MODE_MASTER
SPI3.VirtualType=VM_MASTER
STMicroelectronics.X-CUBE-BLE2.3.3.0.BSP.number=4
STMicroelectronics.X-CUBE-BLE2.3.3.0.BlueNRGAa2CcWirelessJjBlueNRGAa2JjController=true
STMicroelectronics.X-CUBE-BLE2.3.3.0.BlueNRGAa2CcWirelessJjBlueNRGAa2JjHCIIiTL=Basic
STMicroelectronics.X-CUBE-BLE2.3.3.0.BlueNRGAa2CcWirelessJjBlueNRGAa2JjHCIIiTLIiINTERFACE=UserBoard
STMicroelectronics.X-CUBE-BLE2.3.3.0.BlueNRGAa2CcWirelessJjBlueNRGAa2JjUtils=true
STMicroelectronics.X-CUBE-BLE2.3.3.0.IPParameters=BlueNRGAa2CcWirelessJjBlueNRGAa2JjController,BlueNRGAa2CcWirelessJjBlueNRGAa2JjUtils,BlueNRGAa2CcWirelessJjBlueNRGAa2JjHCIIiTL,BlueNRGAa2CcWirelessJjBlueNRGAa2JjHCIIiTLIiINTERFACE
STMicroelectronics.X-CUBE-BLE2.3.3.0.WirelessJjBlueNRGAa2_Checked=true
STMicroelectronics.X-CUBE-BLE2.3.3.00.BSP.STBoard=false
STMicroelectronics.X-CUBE-BLE2.3.3.00.BSP.api=HAL_EXTI_DRIVER
STMicroelectronics.X-CUBE-BLE2.3.3.00.BSP.component=
STMicroelectronics.X-CUBE-BLE2.3.3.00.BSP.condition=SEMBlueNRGAa2CcWirelessJjBlueNRGAa2JjHCIIiTLIiINTERFACEJjUserBoard
STMicroelectronics.X-CUBE-BLE2.3.3.00.BSP.instance=PB4
STMicroelectronics.X-CUBE-BLE2.3.3.00.BSP.ip=GPIO
STMicroelectronics.X-CUBE-BLE2.3.3.00.BSP.mode=EXTI
STMicroelectronics.X-CUBE-BLE2.3.3.00.BSP.name=Exti Line
STMicroelectronics.X-CUBE-BLE2.3.3.00.BSP.semaphore=
STMicroelectronics.X-CUBE-BLE2.3.3.00.BSP.solution=PB4
STMicroelectronics.X-CUBE-BLE2.3.3.01.BSP.STBoard=false
STMicroelectronics.X-CUBE-BLE2.3.3.01.BSP.api=BSP_BUS_DRIVER
STMicroelectronics.X-CUBE-BLE2.3.3.01.BSP.component=
STMicroelectronics.X-CUBE-BLE2.3.3.01.BSP.condition=SEMBlueNRGAa2CcWirelessJjBlueNRGAa2JjHCIIiTLIiINTERFACEJjUserBoard
STMicroelectronics.X-CUBE-BLE2.3.3.01.BSP.instance=SPI3
STMicroelectronics.X-CUBE-BLE2.3.3.01.BSP.ip=SPI
STMicroelectronics.X-CUBE-BLE2.3.3.01.BSP.mode=Full-Duplex Master
STMicroelectronics.X-CUBE-BLE2.3.3.01.BSP.name=BUS IO driver
STMicroelectronics.X-CUBE-BLE2.3.3.01.BSP.semaphore=
STMicroelectronics.X-CUBE-BLE2.3.3.01.BSP.solution=SPI3
STMicroelectronics.X-CUBE-BLE2.3.3.02.BSP.STBoard=false
STMicroelectronics.X-CUBE-BLE2.3.3.02.BSP.api=Unknown
STMicroelectronics.X-CUBE-BLE2.3.3.02.BSP.component=
STMicroelectronics.X-CUBE-BLE2.3.3.02.BSP.condition=SEMBlueNRGAa2CcWirelessJjBlueNRGAa2JjHCIIiTLIiINTERFACEJjUserBoard
STMicroelectronics.X-CUBE-BLE2.3.3.02.BSP.instance=PD2
STMicroelectronics.X-CUBE-BLE2.3.3.02.BSP.ip=GPIO
STMicroelectronics.X-CUBE-BLE2.3.3.02.BSP.mode=Output
STMicroelectronics.X-CUBE-BLE2.3.3.02.BSP.name=CS Line
STMicroelectronics.X-CUBE-BLE2.3.3.02.BSP.semaphore=
STMicroelectronics.X-CUBE-BLE2.3.3.02.BSP.solution=PD2
STMicroelectronics.X-CUBE-BLE2.3.3.03.BSP.STBoard=false
STMicroelectronics.X-CUBE-BLE2.3.3.03.BSP.api=Unknown
STMicroelectronics.X-CUBE-BLE2.3.3.03.BSP.component=
STMicroelectronics.X-CUBE-BLE2.3.3.03.BSP.condition=SEMBlueNRGAa2CcWirelessJjBlueNRGAa2JjHCIIiTLIiINTERFACEJjUserBoard
STMicroelectronics.X-CUBE-BLE2.3.3.03.BSP.instance=PB5
STMicroelectronics.X-CUBE-BLE2.3.3.03.BSP.ip=GPIO
STMicroelectronics.X-CUBE-BLE2.3.3.03.BSP.mode=Output
STMicroelectronics.X-CUBE-BLE2.3.3.03.BSP.name=Reset Line
STMicroelectronics.X-CUBE-BLE2.3.3.03.BSP.semaphore=
STMicroelectronics.X-CUBE-BLE2.3.3.03.BSP.solution=PB5
STMicroelectronics.X-CUBE-BLE2.3.3.0_SwParameter=BlueNRGAa2CcWirelessJjBlueNRGAa2JjHCIIiTLIiINTERFACE\:UserBoard;BlueNRGAa2CcWirelessJjBlueNRGAa2JjUtils\:true;BlueNRGAa2CcWirelessJjBlueNRGAa2JjController\:true;BlueNRGAa2CcWirelessJjBlueNRGAa2JjHCIIiTL\:Basic;
TIM1.AutoReloadPreload=TIM_AUTORELOAD_PRELOAD_ENABLE
TIM1.AutomaticOutput=TIM_AUTOMATICOUTPUT_ENABLE
TIM1.BreakFilter=5
TIM1.BreakState=TIM_BREAK_ENABLE
TIM1.Channel-PWM\ Generation1\ CH1\ CH1N=TIM_CHANNEL_1
TIM1.Channel-PWM\ Generation2\ CH2\ CH2N=TIM_CHANNEL_2
TIM1.Channel-PWM\ Generation3\ CH3\ CH3N=TIM_CHANNEL_3
TIM1.DeadTime=100
TIM1.DeadTimePreload=ENABLE
TIM1.IPParameters=Channel-PWM Generation1 CH1 CH1N,Channel-PWM Generation3 CH3 CH3N,Channel-PWM Generation2 CH2 CH2N,SourceBRKCOMP1,SourceBRKCOMP3,SourceBRKCOMP2,SourceBRKCOMP4,BreakState,AutoReloadPreload,Prescaler,PeriodNoDither,DeadTime,DeadTimePreload,OCIdleState_1,OCNIdleState_1,OCNPolarity_1,OCNPolarity_2,OCNPolarity_3,BreakFilter,SourceBRKDigInput,AutomaticOutput,OffStateIDLEMode,OCNIdleState_2,OCNIdleState_3,SourceBRKCOMP2Polarity,SourceBRKCOMP4Polarity
TIM1.OCIdleState_1=TIM_OCIDLESTATE_RESET
TIM1.OCNIdleState_1=TIM_OCNIDLESTATE_SET
TIM1.OCNIdleState_2=TIM_OCNIDLESTATE_SET
TIM1.OCNIdleState_3=TIM_OCNIDLESTATE_SET
TIM1.OCNPolarity_1=TIM_OCNPOLARITY_LOW
TIM1.OCNPolarity_2=TIM_OCNPOLARITY_LOW
TIM1.OCNPolarity_3=TIM_OCNPOLARITY_LOW
TIM1.OffStateIDLEMode=TIM_OSSI_ENABLE
TIM1.PeriodNoDither=7200-1
TIM1.Prescaler=0
TIM1.SourceBRKCOMP1=TIM_BREAKINPUTSOURCE_ENABLE
TIM1.SourceBRKCOMP2=TIM_BREAKINPUTSOURCE_ENABLE
TIM1.SourceBRKCOMP2Polarity=TIM_BREAKINPUTSOURCE_POLARITY_LOW
TIM1.SourceBRKCOMP3=TIM_BREAKINPUTSOURCE_ENABLE
TIM1.SourceBRKCOMP4=TIM_BREAKINPUTSOURCE_ENABLE
TIM1.SourceBRKCOMP4Polarity=TIM_BREAKINPUTSOURCE_POLARITY_LOW
TIM1.SourceBRKDigInput=TIM_BREAKINPUTSOURCE_DISABLE
TIM3.AutoReloadPreload=TIM_AUTORELOAD_PRELOAD_ENABLE
TIM3.IPParameters=AutoReloadPreload,TIM_MasterOutputTrigger,Prescaler,PeriodNoDither
TIM3.PeriodNoDither=100
TIM3.Prescaler=144-1
TIM3.TIM_MasterOutputTrigger=TIM_TRGO_UPDATE
TIM8.AutoReloadPreload=TIM_AUTORELOAD_PRELOAD_ENABLE
TIM8.EncoderMode=TIM_ENCODERMODE_TI12
TIM8.FirstIndexEnable=DISABLE
TIM8.IC1Filter=10
TIM8.IC2Filter=10
TIM8.IPParameters=PeriodNoDither,AutoReloadPreload,IC2Filter,IndexFilter,IC1Filter,FirstIndexEnable,IndexPosition,EncoderMode,IndexDirection
TIM8.IndexDirection=TIM_ENCODERINDEX_DIRECTION_UP_DOWN
TIM8.IndexFilter=10
TIM8.IndexPosition=TIM_ENCODERINDEX_POSITION_00
TIM8.PeriodNoDither=8000-1
USART1.IPParameters=VirtualMode-Asynchronous
USART1.VirtualMode-Asynchronous=VM_ASYNC
USB_DEVICE.CLASS_NAME_FS=CUSTOM_HID
USB_DEVICE.CUSTOM_HID_FS_BINTERVAL=1
USB_DEVICE.IPParameters=VirtualMode,VirtualModeFS,CLASS_NAME_FS,USBD_CUSTOM_HID_REPORT_DESC_SIZE,USBD_CUSTOMHID_OUTREPORT_BUF_SIZE,CUSTOM_HID_FS_BINTERVAL,USBD_LPM_ENABLED
USB_DEVICE.USBD_CUSTOMHID_OUTREPORT_BUF_SIZE=64
USB_DEVICE.USBD_CUSTOM_HID_REPORT_DESC_SIZE=33
USB_DEVICE.USBD_LPM_ENABLED=0
USB_DEVICE.VirtualMode=CustomHid
USB_DEVICE.VirtualModeFS=Custom_Hid_FS
VP_COMP1_VS_DAC3OUT1.Mode=INM_DAC3OUT1
VP_COMP1_VS_DAC3OUT1.Signal=COMP1_VS_DAC3OUT1
VP_COMP2_VS_DAC3OUT2.Mode=INM_DAC3OUT2
VP_COMP2_VS_DAC3OUT2.Signal=COMP2_VS_DAC3OUT2
VP_COMP3_VS_DAC3OUT1.Mode=INM_DAC3OUT1
VP_COMP3_VS_DAC3OUT1.Signal=COMP3_VS_DAC3OUT1
VP_COMP4_VS_DAC3OUT2.Mode=INM_DAC3OUT2
VP_COMP4_VS_DAC3OUT2.Signal=COMP4_VS_DAC3OUT2
VP_CORDIC_VS_CORDIC.Mode=CORDIC_Activate
VP_CORDIC_VS_CORDIC.Signal=CORDIC_VS_CORDIC
VP_CRC_VS_CRC.Mode=CRC_Activate
VP_CRC_VS_CRC.Signal=CRC_VS_CRC
VP_DAC3_VS_DACI1.Mode=DAC_OUT1_Int
VP_DAC3_VS_DACI1.Signal=DAC3_VS_DACI1
VP_DAC3_VS_DACI2.Mode=DAC_OUT2_Int
VP_DAC3_VS_DACI2.Signal=DAC3_VS_DACI2
VP_FREERTOS_VS_CMSIS_V2.Mode=CMSIS_V2
VP_FREERTOS_VS_CMSIS_V2.Signal=FREERTOS_VS_CMSIS_V2
VP_STMicroelectronics.X-CUBE-BLE2_VS_WirelessJjBlueNRGAa2_3.3.0.Mode=WirelessJjBlueNRGAa2
VP_STMicroelectronics.X-CUBE-BLE2_VS_WirelessJjBlueNRGAa2_3.3.0.Signal=STMicroelectronics.X-CUBE-BLE2_VS_WirelessJjBlueNRGAa2_3.3.0
VP_SYS_VS_DBSignals.Mode=DisableDeadBatterySignals
VP_SYS_VS_DBSignals.Signal=SYS_VS_DBSignals
VP_SYS_VS_tim17.Mode=TIM17
VP_SYS_VS_tim17.Signal=SYS_VS_tim17
VP_TIM1_VS_ClockSourceINT.Mode=Internal
VP_TIM1_VS_ClockSourceINT.Signal=TIM1_VS_ClockSourceINT
VP_TIM2_VS_ClockSourceINT.Mode=Internal
VP_TIM2_VS_ClockSourceINT.Signal=TIM2_VS_ClockSourceINT
VP_TIM3_VS_ClockSourceINT.Mode=Internal
VP_TIM3_VS_ClockSourceINT.Signal=TIM3_VS_ClockSourceINT
VP_USB_DEVICE_VS_USB_DEVICE_CUSTOM_HID_FS.Mode=CUSTOM_HID_FS
VP_USB_DEVICE_VS_USB_DEVICE_CUSTOM_HID_FS.Signal=USB_DEVICE_VS_USB_DEVICE_CUSTOM_HID_FS
board=custom
isbadioc=false
